
Microsoft Visual Studio Solution File, Format Version 12.00
# Visual Studio Version 16
VisualStudioVersion = 16.0.30717.126
MinimumVisualStudioVersion = 10.0.40219.1
Project("{8BC9CEB8-8B4A-11D0-8D11-00A0C91BC942}") = "final", "final.vcxproj", "{6036A8A9-FCAD-491A-BE7C-41F359587ECA}"
EndProject
Global
	GlobalSection(SolutionConfigurationPlatforms) = preSolution
		Debug|x64 = Debug|x64
		Debug|x86 = Debug|x86
		Release|x64 = Release|x64
		Release|x86 = Release|x86
	EndGlobalSection
	GlobalSection(ProjectConfigurationPlatforms) = postSolution
		{6036A8A9-FCAD-491A-BE7C-41F359587ECA}.Debug|x64.ActiveCfg = Debug|x64
		{6036A8A9-FCAD-491A-BE7C-41F359587ECA}.Debug|x64.Build.0 = Debug|x64
		{6036A8A9-FCAD-491A-BE7C-41F359587ECA}.Debug|x86.ActiveCfg = Debug|Win32
		{6036A8A9-FCAD-491A-BE7C-41F359587ECA}.Debug|x86.Build.0 = Debug|Win32
		{6036A8A9-FCAD-491A-BE7C-41F359587ECA}.Release|x64.ActiveCfg = Release|x64
		{6036A8A9-FCAD-491A-BE7C-41F359587ECA}.Release|x64.Build.0 = Release|x64
		{6036A8A9-FCAD-491A-BE7C-41F359587ECA}.Release|x86.ActiveCfg = Release|Win32
		{6036A8A9-FCAD-491A-BE7C-41F359587ECA}.Release|x86.Build.0 = Release|Win32
	EndGlobalSection
	GlobalSection(SolutionProperties) = preSolution
		HideSolutionNode = FALSE
	EndGlobalSection
	GlobalSection(ExtensibilityGlobals) = postSolution
		SolutionGuid = {74ED7783-E022-4CF1-9B33-4AE3BFB7AF01}
	EndGlobalSection
EndGlobal
